
Microsoft Visual Studio Solution File, Format Version 12.00
# Visual Studio 15
VisualStudioVersion = 15.0.28307.1340
MinimumVisualStudioVersion = 10.0.40219.1
Project("{9A19103F-16F7-4668-BE54-9A1E7A4F7556}") = "SOLID", "SOLID\SOLID.csproj", "{0815FD8E-F3FD-4368-9814-26DAF38DA4E0}"
EndProject
Global
	GlobalSection(SolutionConfigurationPlatforms) = preSolution
		Debug|Any CPU = Debug|Any CPU
		Release|Any CPU = Release|Any CPU
	EndGlobalSection
	GlobalSection(ProjectConfigurationPlatforms) = postSolution
		{0815FD8E-F3FD-4368-9814-26DAF38DA4E0}.Debug|Any CPU.ActiveCfg = Debug|Any CPU
		{0815FD8E-F3FD-4368-9814-26DAF38DA4E0}.Debug|Any CPU.Build.0 = Debug|Any CPU
		{0815FD8E-F3FD-4368-9814-26DAF38DA4E0}.Release|Any CPU.ActiveCfg = Release|Any CPU
		{0815FD8E-F3FD-4368-9814-26DAF38DA4E0}.Release|Any CPU.Build.0 = Release|Any CPU
	EndGlobalSection
	GlobalSection(SolutionProperties) = preSolution
		HideSolutionNode = FALSE
	EndGlobalSection
	GlobalSection(ExtensibilityGlobals) = postSolution
		SolutionGuid = {13222FC2-FA3C-4B07-AB16-37404113C909}
	EndGlobalSection
EndGlobal
